
Microsoft Visual Studio Solution File, Format Version 12.00
# Visual Studio 14
VisualStudioVersion = 14.0.24720.0
MinimumVisualStudioVersion = 10.0.40219.1
Project("{FAE04EC0-301F-11D3-BF4B-00C04F79EFBC}") = "Lesson_Code", "Lesson_Code\Lesson_Code.csproj", "{C3F3D6BA-E876-45EF-868D-6BE07F6289B8}"
EndProject
Project("{FAE04EC0-301F-11D3-BF4B-00C04F79EFBC}") = "OurFirstCommon", "OurFirstCommon\OurFirstCommon.csproj", "{06B6AD84-41DF-4A06-81BD-8C55219FD2A9}"
EndProject
Project("{FAE04EC0-301F-11D3-BF4B-00C04F79EFBC}") = "WhiteFilter", "WhiteFilter\WhiteFilter.csproj", "{02F6788B-920C-449D-BC81-86B5A5B500C2}"
EndProject
Global
	GlobalSection(SolutionConfigurationPlatforms) = preSolution
		Debug|Any CPU = Debug|Any CPU
		Release|Any CPU = Release|Any CPU
	EndGlobalSection
	GlobalSection(ProjectConfigurationPlatforms) = postSolution
		{C3F3D6BA-E876-45EF-868D-6BE07F6289B8}.Debug|Any CPU.ActiveCfg = Debug|Any CPU
		{C3F3D6BA-E876-45EF-868D-6BE07F6289B8}.Debug|Any CPU.Build.0 = Debug|Any CPU
		{C3F3D6BA-E876-45EF-868D-6BE07F6289B8}.Release|Any CPU.ActiveCfg = Release|Any CPU
		{C3F3D6BA-E876-45EF-868D-6BE07F6289B8}.Release|Any CPU.Build.0 = Release|Any CPU
		{06B6AD84-41DF-4A06-81BD-8C55219FD2A9}.Debug|Any CPU.ActiveCfg = Debug|Any CPU
		{06B6AD84-41DF-4A06-81BD-8C55219FD2A9}.Debug|Any CPU.Build.0 = Debug|Any CPU
		{06B6AD84-41DF-4A06-81BD-8C55219FD2A9}.Release|Any CPU.ActiveCfg = Release|Any CPU
		{06B6AD84-41DF-4A06-81BD-8C55219FD2A9}.Release|Any CPU.Build.0 = Release|Any CPU
		{02F6788B-920C-449D-BC81-86B5A5B500C2}.Debug|Any CPU.ActiveCfg = Debug|Any CPU
		{02F6788B-920C-449D-BC81-86B5A5B500C2}.Debug|Any CPU.Build.0 = Debug|Any CPU
		{02F6788B-920C-449D-BC81-86B5A5B500C2}.Release|Any CPU.ActiveCfg = Release|Any CPU
		{02F6788B-920C-449D-BC81-86B5A5B500C2}.Release|Any CPU.Build.0 = Release|Any CPU
	EndGlobalSection
	GlobalSection(SolutionProperties) = preSolution
		HideSolutionNode = FALSE
	EndGlobalSection
EndGlobal
